
Microsoft Visual Studio Solution File, Format Version 12.00
# Visual Studio Version 16
VisualStudioVersion = 16.0.31019.35
MinimumVisualStudioVersion = 10.0.40219.1
Project("{FAE04EC0-301F-11D3-BF4B-00C04F79EFBC}") = "Buss", "Buss\Buss.csproj", "{06B49109-C204-4D08-AE65-AA5219570EE9}"
EndProject
Global
	GlobalSection(SolutionConfigurationPlatforms) = preSolution
		Debug|Any CPU = Debug|Any CPU
		Release|Any CPU = Release|Any CPU
	EndGlobalSection
	GlobalSection(ProjectConfigurationPlatforms) = postSolution
		{06B49109-C204-4D08-AE65-AA5219570EE9}.Debug|Any CPU.ActiveCfg = Debug|Any CPU
		{06B49109-C204-4D08-AE65-AA5219570EE9}.Debug|Any CPU.Build.0 = Debug|Any CPU
		{06B49109-C204-4D08-AE65-AA5219570EE9}.Release|Any CPU.ActiveCfg = Release|Any CPU
		{06B49109-C204-4D08-AE65-AA5219570EE9}.Release|Any CPU.Build.0 = Release|Any CPU
	EndGlobalSection
	GlobalSection(SolutionProperties) = preSolution
		HideSolutionNode = FALSE
	EndGlobalSection
	GlobalSection(ExtensibilityGlobals) = postSolution
		SolutionGuid = {B29D04B8-A3B4-439A-B9C6-83F7F4B46C10}
	EndGlobalSection
EndGlobal
